
Microsoft Visual Studio Solution File, Format Version 12.00
# Visual Studio Version 17
VisualStudioVersion = 17.2.32630.192
MinimumVisualStudioVersion = 10.0.40219.1
Project("{9A19103F-16F7-4668-BE54-9A1E7A4F7556}") = "noodling", "noodling.csproj", "{A0F48552-DDC1-4BF0-A1C5-3DC6994CC67D}"
EndProject
Global
	GlobalSection(SolutionConfigurationPlatforms) = preSolution
		Debug|Any CPU = Debug|Any CPU
		Release|Any CPU = Release|Any CPU
	EndGlobalSection
	GlobalSection(ProjectConfigurationPlatforms) = postSolution
		{A0F48552-DDC1-4BF0-A1C5-3DC6994CC67D}.Debug|Any CPU.ActiveCfg = Debug|Any CPU
		{A0F48552-DDC1-4BF0-A1C5-3DC6994CC67D}.Debug|Any CPU.Build.0 = Debug|Any CPU
		{A0F48552-DDC1-4BF0-A1C5-3DC6994CC67D}.Release|Any CPU.ActiveCfg = Release|Any CPU
		{A0F48552-DDC1-4BF0-A1C5-3DC6994CC67D}.Release|Any CPU.Build.0 = Release|Any CPU
	EndGlobalSection
	GlobalSection(SolutionProperties) = preSolution
		HideSolutionNode = FALSE
	EndGlobalSection
	GlobalSection(ExtensibilityGlobals) = postSolution
		SolutionGuid = {AA552AAC-DBF1-4E66-AE69-33A155097B30}
	EndGlobalSection
EndGlobal
