
Microsoft Visual Studio Solution File, Format Version 12.00
# Visual Studio Version 17
VisualStudioVersion = 17.2.32630.192
MinimumVisualStudioVersion = 10.0.40219.1
Project("{9A19103F-16F7-4668-BE54-9A1E7A4F7556}") = "noodling", "src\noodling.csproj", "{0DAD4977-27E2-487F-A176-162AC48D464D}"
EndProject
Project("{9A19103F-16F7-4668-BE54-9A1E7A4F7556}") = "noodling-test", "noodling-test\noodling-test.csproj", "{C3FE5AAA-919F-43E0-A9CE-F6DC668D7319}"
EndProject
Global
	GlobalSection(SolutionConfigurationPlatforms) = preSolution
		Debug|Any CPU = Debug|Any CPU
		Release|Any CPU = Release|Any CPU
	EndGlobalSection
	GlobalSection(ProjectConfigurationPlatforms) = postSolution
		{0DAD4977-27E2-487F-A176-162AC48D464D}.Debug|Any CPU.ActiveCfg = Debug|Any CPU
		{0DAD4977-27E2-487F-A176-162AC48D464D}.Debug|Any CPU.Build.0 = Debug|Any CPU
		{0DAD4977-27E2-487F-A176-162AC48D464D}.Release|Any CPU.ActiveCfg = Release|Any CPU
		{0DAD4977-27E2-487F-A176-162AC48D464D}.Release|Any CPU.Build.0 = Release|Any CPU
		{C3FE5AAA-919F-43E0-A9CE-F6DC668D7319}.Debug|Any CPU.ActiveCfg = Debug|Any CPU
		{C3FE5AAA-919F-43E0-A9CE-F6DC668D7319}.Debug|Any CPU.Build.0 = Debug|Any CPU
		{C3FE5AAA-919F-43E0-A9CE-F6DC668D7319}.Release|Any CPU.ActiveCfg = Release|Any CPU
		{C3FE5AAA-919F-43E0-A9CE-F6DC668D7319}.Release|Any CPU.Build.0 = Release|Any CPU
	EndGlobalSection
	GlobalSection(SolutionProperties) = preSolution
		HideSolutionNode = FALSE
	EndGlobalSection
	GlobalSection(ExtensibilityGlobals) = postSolution
		SolutionGuid = {AA552AAC-DBF1-4E66-AE69-33A155097B30}
	EndGlobalSection
EndGlobal
